
Microsoft Visual Studio Solution File, Format Version 12.00
# Visual Studio Version 17
VisualStudioVersion = 17.3.32929.385
MinimumVisualStudioVersion = 10.0.40219.1
Project("{FAE04EC0-301F-11D3-BF4B-00C04F79EFBC}") = "DeploymentApp", "DeploymentApp\DeploymentApp.csproj", "{50C3C07D-4937-4AA8-AE05-11A6067D6829}"
EndProject
Global
	GlobalSection(SolutionConfigurationPlatforms) = preSolution
		Debug|Any CPU = Debug|Any CPU
		Release|Any CPU = Release|Any CPU
	EndGlobalSection
	GlobalSection(ProjectConfigurationPlatforms) = postSolution
		{50C3C07D-4937-4AA8-AE05-11A6067D6829}.Debug|Any CPU.ActiveCfg = Debug|Any CPU
		{50C3C07D-4937-4AA8-AE05-11A6067D6829}.Debug|Any CPU.Build.0 = Debug|Any CPU
		{50C3C07D-4937-4AA8-AE05-11A6067D6829}.Release|Any CPU.ActiveCfg = Release|Any CPU
		{50C3C07D-4937-4AA8-AE05-11A6067D6829}.Release|Any CPU.Build.0 = Release|Any CPU
	EndGlobalSection
	GlobalSection(SolutionProperties) = preSolution
		HideSolutionNode = FALSE
	EndGlobalSection
	GlobalSection(ExtensibilityGlobals) = postSolution
		SolutionGuid = {E1DFB301-A854-40B9-8651-86D8F65D0A18}
	EndGlobalSection
EndGlobal
